
Microsoft Visual Studio Solution File, Format Version 12.00
# Visual Studio Version 17
VisualStudioVersion = 17.2.32602.215
MinimumVisualStudioVersion = 10.0.40219.1
Project("{9A19103F-16F7-4668-BE54-9A1E7A4F7556}") = "WpfSokoban", "WpfSokoban\WpfSokoban.csproj", "{024E79D2-68EF-4835-A785-5C934AF99035}"
EndProject
Global
	GlobalSection(SolutionConfigurationPlatforms) = preSolution
		Debug|Any CPU = Debug|Any CPU
		Release|Any CPU = Release|Any CPU
	EndGlobalSection
	GlobalSection(ProjectConfigurationPlatforms) = postSolution
		{024E79D2-68EF-4835-A785-5C934AF99035}.Debug|Any CPU.ActiveCfg = Debug|Any CPU
		{024E79D2-68EF-4835-A785-5C934AF99035}.Debug|Any CPU.Build.0 = Debug|Any CPU
		{024E79D2-68EF-4835-A785-5C934AF99035}.Release|Any CPU.ActiveCfg = Release|Any CPU
		{024E79D2-68EF-4835-A785-5C934AF99035}.Release|Any CPU.Build.0 = Release|Any CPU
	EndGlobalSection
	GlobalSection(SolutionProperties) = preSolution
		HideSolutionNode = FALSE
	EndGlobalSection
	GlobalSection(ExtensibilityGlobals) = postSolution
		SolutionGuid = {6373DBBE-8047-4271-8956-8483BBF8655C}
	EndGlobalSection
EndGlobal
